
Microsoft Visual Studio Solution File, Format Version 12.00
# Visual Studio Version 17
VisualStudioVersion = 17.1.32228.430
MinimumVisualStudioVersion = 10.0.40219.1
Project("{9A19103F-16F7-4668-BE54-9A1E7A4F7556}") = "StuartWilliams.CandyCo", "StuartWilliams.CandyCo\StuartWilliams.CandyCo.csproj", "{9A26260A-1D4E-48A4-8A32-F53628704266}"
EndProject
Project("{9A19103F-16F7-4668-BE54-9A1E7A4F7556}") = "StuartWilliams.CandyCo.Tests", "StuartWilliams.CandyCo.Tests\StuartWilliams.CandyCo.Tests.csproj", "{43BE8C52-6434-47CC-9D78-304C484F10BF}"
EndProject
Global
	GlobalSection(SolutionConfigurationPlatforms) = preSolution
		Debug|Any CPU = Debug|Any CPU
		Release|Any CPU = Release|Any CPU
	EndGlobalSection
	GlobalSection(ProjectConfigurationPlatforms) = postSolution
		{9A26260A-1D4E-48A4-8A32-F53628704266}.Debug|Any CPU.ActiveCfg = Debug|Any CPU
		{9A26260A-1D4E-48A4-8A32-F53628704266}.Debug|Any CPU.Build.0 = Debug|Any CPU
		{9A26260A-1D4E-48A4-8A32-F53628704266}.Release|Any CPU.ActiveCfg = Release|Any CPU
		{9A26260A-1D4E-48A4-8A32-F53628704266}.Release|Any CPU.Build.0 = Release|Any CPU
		{43BE8C52-6434-47CC-9D78-304C484F10BF}.Debug|Any CPU.ActiveCfg = Debug|Any CPU
		{43BE8C52-6434-47CC-9D78-304C484F10BF}.Debug|Any CPU.Build.0 = Debug|Any CPU
		{43BE8C52-6434-47CC-9D78-304C484F10BF}.Release|Any CPU.ActiveCfg = Release|Any CPU
		{43BE8C52-6434-47CC-9D78-304C484F10BF}.Release|Any CPU.Build.0 = Release|Any CPU
	EndGlobalSection
	GlobalSection(SolutionProperties) = preSolution
		HideSolutionNode = FALSE
	EndGlobalSection
	GlobalSection(ExtensibilityGlobals) = postSolution
		SolutionGuid = {0BBCBB55-94AB-4F00-8879-28648EB94821}
	EndGlobalSection
EndGlobal
